
Microsoft Visual Studio Solution File, Format Version 12.00
# Visual Studio Version 17
VisualStudioVersion = 17.11.35219.272
MinimumVisualStudioVersion = 10.0.40219.1
Project("{9A19103F-16F7-4668-BE54-9A1E7A4F7556}") = "OgmentoAPI", "OgmentoAPI.Web\OgmentoAPI.csproj", "{FC6EC953-C6A9-4569-A092-55C868B6532A}"
	ProjectSection(ProjectDependencies) = postProject
		{065C42E5-7BBB-4D3A-AAB8-CA8F0C3A6BDD} = {065C42E5-7BBB-4D3A-AAB8-CA8F0C3A6BDD}
		{69984FAC-49BA-4BF5-8D53-C9E84251AA0B} = {69984FAC-49BA-4BF5-8D53-C9E84251AA0B}
		{BE201169-3B70-445C-95DB-2D036317140A} = {BE201169-3B70-445C-95DB-2D036317140A}
		{CE80F874-67B6-427C-89C0-0BCE08D31145} = {CE80F874-67B6-427C-89C0-0BCE08D31145}
	EndProjectSection
EndProject
Project("{2150E333-8FDC-42A3-9474-1A3956D46DE8}") = "Hosts", "Hosts", "{C2FDB269-06B8-4237-A356-B7F534BE5DE5}"
EndProject
Project("{2150E333-8FDC-42A3-9474-1A3956D46DE8}") = "Domain", "Domain", "{EDCE2E33-485A-45C6-853D-99B85BBA94DD}"
EndProject
Project("{2150E333-8FDC-42A3-9474-1A3956D46DE8}") = "Authorization", "Authorization", "{D2E195C4-A27C-4E65-9F51-CD213A96CB2A}"
EndProject
Project("{9A19103F-16F7-4668-BE54-9A1E7A4F7556}") = "OgmentoAPI.Domain.Authorization.Infrastructure", "OgmentoAPI.Domain.Authorization.Infrastructure\OgmentoAPI.Domain.Authorization.Infrastructure.csproj", "{69984FAC-49BA-4BF5-8D53-C9E84251AA0B}"
EndProject
Project("{9A19103F-16F7-4668-BE54-9A1E7A4F7556}") = "OgmentoAPI.Domain.Authorization.Services", "OgmentoAPI.Domain.Authorization.Services\OgmentoAPI.Domain.Authorization.Services.csproj", "{BE201169-3B70-445C-95DB-2D036317140A}"
EndProject
Project("{9A19103F-16F7-4668-BE54-9A1E7A4F7556}") = "OgmentoAPI.Domain.Authorization.Abstractions", "OgmentoAPI.Domain.Authorization.Abstraction\OgmentoAPI.Domain.Authorization.Abstractions.csproj", "{065C42E5-7BBB-4D3A-AAB8-CA8F0C3A6BDD}"
EndProject
Project("{9A19103F-16F7-4668-BE54-9A1E7A4F7556}") = "OgmentoAPI.Domain.Authorization.Api", "OgmentoAPI.Domain.Authorization.Api\OgmentoAPI.Domain.Authorization.Api.csproj", "{CE80F874-67B6-427C-89C0-0BCE08D31145}"
EndProject
Project("{2150E333-8FDC-42A3-9474-1A3956D46DE8}") = "Client", "Client", "{8F71D6CF-31B2-4BF1-950B-649364BD3CAB}"
EndProject
Project("{2150E333-8FDC-42A3-9474-1A3956D46DE8}") = "Common", "Common", "{305F547B-68A4-4DBA-A3E2-0BD8CA00CEFD}"
EndProject
Project("{9A19103F-16F7-4668-BE54-9A1E7A4F7556}") = "OgmentoAPI.Domain.Client.Abstractions", "OgmentoAPI.Domain.Client.Abstractions\OgmentoAPI.Domain.Client.Abstractions.csproj", "{0704C4B6-4462-4381-B3D9-76AB42E3C2C2}"
EndProject
Project("{9A19103F-16F7-4668-BE54-9A1E7A4F7556}") = "OgmentoAPI.Domain.Common.Abstractions", "OgmentoAPI.Domain.Common.Abstractions\OgmentoAPI.Domain.Common.Abstractions.csproj", "{F1DD6FE3-E934-4283-A4CF-957CC93F626A}"
EndProject
Project("{9A19103F-16F7-4668-BE54-9A1E7A4F7556}") = "OgmentoAPI.Domain.Client.Infrastructure", "OgmentoAPI.Domain.Client.Infrastructure\OgmentoAPI.Domain.Client.Infrastructure.csproj", "{BD88C988-9128-498B-B71C-DC08A567E383}"
EndProject
Project("{9A19103F-16F7-4668-BE54-9A1E7A4F7556}") = "OgmentoAPI.Domain.Common.Infrastructure", "OgmentoAPI.Domain.Common.Infrastructure\OgmentoAPI.Domain.Common.Infrastructure.csproj", "{F15D4820-257D-402E-BF7A-0FE58AE2AA11}"
EndProject
Project("{9A19103F-16F7-4668-BE54-9A1E7A4F7556}") = "OgmentoAPI.Domain.Client.Services", "OgmentoAPI.Domain.Client.Services\OgmentoAPI.Domain.Client.Services.csproj", "{10D1F084-ABC6-46C4-89A9-860A917A0C72}"
EndProject
Project("{9A19103F-16F7-4668-BE54-9A1E7A4F7556}") = "OgmentoAPI.Domain.Client.Api", "OgmentoAPI.Domain.Client.Api\OgmentoAPI.Domain.Client.Api.csproj", "{00BB9A3F-1E95-4F4E-B78A-7CAF09B9075B}"
EndProject
Project("{9A19103F-16F7-4668-BE54-9A1E7A4F7556}") = "OgmentoAPI.Domain.Common.Api", "OgmentoAPI.Domain.Common.Api\OgmentoAPI.Domain.Common.Api.csproj", "{24A32B1D-86FA-4387-A6F5-03F7B6078AEA}"
EndProject
Project("{9A19103F-16F7-4668-BE54-9A1E7A4F7556}") = "OgmentoAPI.Domain.Common.Services", "OgmentoAPI.Domain.Common.Services\OgmentoAPI.Domain.Common.Services.csproj", "{4D6EDF5E-6011-451A-9741-456D51B6CF55}"
EndProject
Project("{2150E333-8FDC-42A3-9474-1A3956D46DE8}") = "Solution Items", "Solution Items", "{AB941F59-6846-4731-9DD6-3DF60117510F}"
	ProjectSection(SolutionItems) = preProject
		.editorconfig = .editorconfig
	EndProjectSection
EndProject
Project("{2150E333-8FDC-42A3-9474-1A3956D46DE8}") = "Catalog", "Catalog", "{EA7B9EB0-8C1A-4D65-BB2D-88B1A040467A}"
EndProject
Project("{9A19103F-16F7-4668-BE54-9A1E7A4F7556}") = "OgmentoAPI.Domain.Catalog.Abstractions", "OgmentoAPI.Domain.Catalog.Abstractions\OgmentoAPI.Domain.Catalog.Abstractions.csproj", "{7E3AD710-DEDE-4671-A327-A8A8A495552F}"
EndProject
Project("{9A19103F-16F7-4668-BE54-9A1E7A4F7556}") = "OgmentoAPI.Domain.Catalog.Api", "OgmentoAPI.Domain.Catalog.Api\OgmentoAPI.Domain.Catalog.Api.csproj", "{6B4A9CB3-0329-4E1C-87E6-E2F6308C4833}"
EndProject
Project("{9A19103F-16F7-4668-BE54-9A1E7A4F7556}") = "OgmentoAPI.Domain.Catalog.Infrastructure", "OgmentoAPI.Domain.Catalog.Infrastructure\OgmentoAPI.Domain.Catalog.Infrastructure.csproj", "{A0E47ADB-9865-4F47-86A5-BA15F55542C0}"
EndProject
Project("{9A19103F-16F7-4668-BE54-9A1E7A4F7556}") = "OgmentoAPI.Domain.Catalog.Services", "OgmentoAPI.Domain.Catalog.Services\OgmentoAPI.Domain.Catalog.Services.csproj", "{2C386431-2551-477F-80D4-F8C7452E3E1E}"
EndProject
Global
	GlobalSection(SolutionConfigurationPlatforms) = preSolution
		Debug|Any CPU = Debug|Any CPU
		Release|Any CPU = Release|Any CPU
	EndGlobalSection
	GlobalSection(ProjectConfigurationPlatforms) = postSolution
		{FC6EC953-C6A9-4569-A092-55C868B6532A}.Debug|Any CPU.ActiveCfg = Debug|Any CPU
		{FC6EC953-C6A9-4569-A092-55C868B6532A}.Debug|Any CPU.Build.0 = Debug|Any CPU
		{FC6EC953-C6A9-4569-A092-55C868B6532A}.Release|Any CPU.ActiveCfg = Release|Any CPU
		{FC6EC953-C6A9-4569-A092-55C868B6532A}.Release|Any CPU.Build.0 = Release|Any CPU
		{69984FAC-49BA-4BF5-8D53-C9E84251AA0B}.Debug|Any CPU.ActiveCfg = Debug|Any CPU
		{69984FAC-49BA-4BF5-8D53-C9E84251AA0B}.Debug|Any CPU.Build.0 = Debug|Any CPU
		{69984FAC-49BA-4BF5-8D53-C9E84251AA0B}.Release|Any CPU.ActiveCfg = Release|Any CPU
		{69984FAC-49BA-4BF5-8D53-C9E84251AA0B}.Release|Any CPU.Build.0 = Release|Any CPU
		{BE201169-3B70-445C-95DB-2D036317140A}.Debug|Any CPU.ActiveCfg = Debug|Any CPU
		{BE201169-3B70-445C-95DB-2D036317140A}.Debug|Any CPU.Build.0 = Debug|Any CPU
		{BE201169-3B70-445C-95DB-2D036317140A}.Release|Any CPU.ActiveCfg = Release|Any CPU
		{BE201169-3B70-445C-95DB-2D036317140A}.Release|Any CPU.Build.0 = Release|Any CPU
		{065C42E5-7BBB-4D3A-AAB8-CA8F0C3A6BDD}.Debug|Any CPU.ActiveCfg = Debug|Any CPU
		{065C42E5-7BBB-4D3A-AAB8-CA8F0C3A6BDD}.Debug|Any CPU.Build.0 = Debug|Any CPU
		{065C42E5-7BBB-4D3A-AAB8-CA8F0C3A6BDD}.Release|Any CPU.ActiveCfg = Release|Any CPU
		{065C42E5-7BBB-4D3A-AAB8-CA8F0C3A6BDD}.Release|Any CPU.Build.0 = Release|Any CPU
		{CE80F874-67B6-427C-89C0-0BCE08D31145}.Debug|Any CPU.ActiveCfg = Debug|Any CPU
		{CE80F874-67B6-427C-89C0-0BCE08D31145}.Debug|Any CPU.Build.0 = Debug|Any CPU
		{CE80F874-67B6-427C-89C0-0BCE08D31145}.Release|Any CPU.ActiveCfg = Release|Any CPU
		{CE80F874-67B6-427C-89C0-0BCE08D31145}.Release|Any CPU.Build.0 = Release|Any CPU
		{0704C4B6-4462-4381-B3D9-76AB42E3C2C2}.Debug|Any CPU.ActiveCfg = Debug|Any CPU
		{0704C4B6-4462-4381-B3D9-76AB42E3C2C2}.Debug|Any CPU.Build.0 = Debug|Any CPU
		{0704C4B6-4462-4381-B3D9-76AB42E3C2C2}.Release|Any CPU.ActiveCfg = Release|Any CPU
		{0704C4B6-4462-4381-B3D9-76AB42E3C2C2}.Release|Any CPU.Build.0 = Release|Any CPU
		{F1DD6FE3-E934-4283-A4CF-957CC93F626A}.Debug|Any CPU.ActiveCfg = Debug|Any CPU
		{F1DD6FE3-E934-4283-A4CF-957CC93F626A}.Debug|Any CPU.Build.0 = Debug|Any CPU
		{F1DD6FE3-E934-4283-A4CF-957CC93F626A}.Release|Any CPU.ActiveCfg = Release|Any CPU
		{F1DD6FE3-E934-4283-A4CF-957CC93F626A}.Release|Any CPU.Build.0 = Release|Any CPU
		{BD88C988-9128-498B-B71C-DC08A567E383}.Debug|Any CPU.ActiveCfg = Debug|Any CPU
		{BD88C988-9128-498B-B71C-DC08A567E383}.Debug|Any CPU.Build.0 = Debug|Any CPU
		{BD88C988-9128-498B-B71C-DC08A567E383}.Release|Any CPU.ActiveCfg = Release|Any CPU
		{BD88C988-9128-498B-B71C-DC08A567E383}.Release|Any CPU.Build.0 = Release|Any CPU
		{F15D4820-257D-402E-BF7A-0FE58AE2AA11}.Debug|Any CPU.ActiveCfg = Debug|Any CPU
		{F15D4820-257D-402E-BF7A-0FE58AE2AA11}.Debug|Any CPU.Build.0 = Debug|Any CPU
		{F15D4820-257D-402E-BF7A-0FE58AE2AA11}.Release|Any CPU.ActiveCfg = Release|Any CPU
		{F15D4820-257D-402E-BF7A-0FE58AE2AA11}.Release|Any CPU.Build.0 = Release|Any CPU
		{10D1F084-ABC6-46C4-89A9-860A917A0C72}.Debug|Any CPU.ActiveCfg = Debug|Any CPU
		{10D1F084-ABC6-46C4-89A9-860A917A0C72}.Debug|Any CPU.Build.0 = Debug|Any CPU
		{10D1F084-ABC6-46C4-89A9-860A917A0C72}.Release|Any CPU.ActiveCfg = Release|Any CPU
		{10D1F084-ABC6-46C4-89A9-860A917A0C72}.Release|Any CPU.Build.0 = Release|Any CPU
		{00BB9A3F-1E95-4F4E-B78A-7CAF09B9075B}.Debug|Any CPU.ActiveCfg = Debug|Any CPU
		{00BB9A3F-1E95-4F4E-B78A-7CAF09B9075B}.Debug|Any CPU.Build.0 = Debug|Any CPU
		{00BB9A3F-1E95-4F4E-B78A-7CAF09B9075B}.Release|Any CPU.ActiveCfg = Release|Any CPU
		{00BB9A3F-1E95-4F4E-B78A-7CAF09B9075B}.Release|Any CPU.Build.0 = Release|Any CPU
		{24A32B1D-86FA-4387-A6F5-03F7B6078AEA}.Debug|Any CPU.ActiveCfg = Debug|Any CPU
		{24A32B1D-86FA-4387-A6F5-03F7B6078AEA}.Debug|Any CPU.Build.0 = Debug|Any CPU
		{24A32B1D-86FA-4387-A6F5-03F7B6078AEA}.Release|Any CPU.ActiveCfg = Release|Any CPU
		{24A32B1D-86FA-4387-A6F5-03F7B6078AEA}.Release|Any CPU.Build.0 = Release|Any CPU
		{4D6EDF5E-6011-451A-9741-456D51B6CF55}.Debug|Any CPU.ActiveCfg = Debug|Any CPU
		{4D6EDF5E-6011-451A-9741-456D51B6CF55}.Debug|Any CPU.Build.0 = Debug|Any CPU
		{4D6EDF5E-6011-451A-9741-456D51B6CF55}.Release|Any CPU.ActiveCfg = Release|Any CPU
		{4D6EDF5E-6011-451A-9741-456D51B6CF55}.Release|Any CPU.Build.0 = Release|Any CPU
		{7E3AD710-DEDE-4671-A327-A8A8A495552F}.Debug|Any CPU.ActiveCfg = Debug|Any CPU
		{7E3AD710-DEDE-4671-A327-A8A8A495552F}.Debug|Any CPU.Build.0 = Debug|Any CPU
		{7E3AD710-DEDE-4671-A327-A8A8A495552F}.Release|Any CPU.ActiveCfg = Release|Any CPU
		{7E3AD710-DEDE-4671-A327-A8A8A495552F}.Release|Any CPU.Build.0 = Release|Any CPU
		{6B4A9CB3-0329-4E1C-87E6-E2F6308C4833}.Debug|Any CPU.ActiveCfg = Debug|Any CPU
		{6B4A9CB3-0329-4E1C-87E6-E2F6308C4833}.Debug|Any CPU.Build.0 = Debug|Any CPU
		{6B4A9CB3-0329-4E1C-87E6-E2F6308C4833}.Release|Any CPU.ActiveCfg = Release|Any CPU
		{6B4A9CB3-0329-4E1C-87E6-E2F6308C4833}.Release|Any CPU.Build.0 = Release|Any CPU
		{A0E47ADB-9865-4F47-86A5-BA15F55542C0}.Debug|Any CPU.ActiveCfg = Debug|Any CPU
		{A0E47ADB-9865-4F47-86A5-BA15F55542C0}.Debug|Any CPU.Build.0 = Debug|Any CPU
		{A0E47ADB-9865-4F47-86A5-BA15F55542C0}.Release|Any CPU.ActiveCfg = Release|Any CPU
		{A0E47ADB-9865-4F47-86A5-BA15F55542C0}.Release|Any CPU.Build.0 = Release|Any CPU
		{2C386431-2551-477F-80D4-F8C7452E3E1E}.Debug|Any CPU.ActiveCfg = Debug|Any CPU
		{2C386431-2551-477F-80D4-F8C7452E3E1E}.Debug|Any CPU.Build.0 = Debug|Any CPU
		{2C386431-2551-477F-80D4-F8C7452E3E1E}.Release|Any CPU.ActiveCfg = Release|Any CPU
		{2C386431-2551-477F-80D4-F8C7452E3E1E}.Release|Any CPU.Build.0 = Release|Any CPU
	EndGlobalSection
	GlobalSection(SolutionProperties) = preSolution
		HideSolutionNode = FALSE
	EndGlobalSection
	GlobalSection(NestedProjects) = preSolution
		{D2E195C4-A27C-4E65-9F51-CD213A96CB2A} = {EDCE2E33-485A-45C6-853D-99B85BBA94DD}
		{69984FAC-49BA-4BF5-8D53-C9E84251AA0B} = {D2E195C4-A27C-4E65-9F51-CD213A96CB2A}
		{BE201169-3B70-445C-95DB-2D036317140A} = {D2E195C4-A27C-4E65-9F51-CD213A96CB2A}
		{065C42E5-7BBB-4D3A-AAB8-CA8F0C3A6BDD} = {D2E195C4-A27C-4E65-9F51-CD213A96CB2A}
		{CE80F874-67B6-427C-89C0-0BCE08D31145} = {D2E195C4-A27C-4E65-9F51-CD213A96CB2A}
		{8F71D6CF-31B2-4BF1-950B-649364BD3CAB} = {EDCE2E33-485A-45C6-853D-99B85BBA94DD}
		{305F547B-68A4-4DBA-A3E2-0BD8CA00CEFD} = {EDCE2E33-485A-45C6-853D-99B85BBA94DD}
		{0704C4B6-4462-4381-B3D9-76AB42E3C2C2} = {8F71D6CF-31B2-4BF1-950B-649364BD3CAB}
		{F1DD6FE3-E934-4283-A4CF-957CC93F626A} = {305F547B-68A4-4DBA-A3E2-0BD8CA00CEFD}
		{BD88C988-9128-498B-B71C-DC08A567E383} = {8F71D6CF-31B2-4BF1-950B-649364BD3CAB}
		{F15D4820-257D-402E-BF7A-0FE58AE2AA11} = {305F547B-68A4-4DBA-A3E2-0BD8CA00CEFD}
		{10D1F084-ABC6-46C4-89A9-860A917A0C72} = {8F71D6CF-31B2-4BF1-950B-649364BD3CAB}
		{00BB9A3F-1E95-4F4E-B78A-7CAF09B9075B} = {8F71D6CF-31B2-4BF1-950B-649364BD3CAB}
		{24A32B1D-86FA-4387-A6F5-03F7B6078AEA} = {305F547B-68A4-4DBA-A3E2-0BD8CA00CEFD}
		{4D6EDF5E-6011-451A-9741-456D51B6CF55} = {305F547B-68A4-4DBA-A3E2-0BD8CA00CEFD}
		{EA7B9EB0-8C1A-4D65-BB2D-88B1A040467A} = {EDCE2E33-485A-45C6-853D-99B85BBA94DD}
		{7E3AD710-DEDE-4671-A327-A8A8A495552F} = {EA7B9EB0-8C1A-4D65-BB2D-88B1A040467A}
		{6B4A9CB3-0329-4E1C-87E6-E2F6308C4833} = {EA7B9EB0-8C1A-4D65-BB2D-88B1A040467A}
		{A0E47ADB-9865-4F47-86A5-BA15F55542C0} = {EA7B9EB0-8C1A-4D65-BB2D-88B1A040467A}
		{2C386431-2551-477F-80D4-F8C7452E3E1E} = {EA7B9EB0-8C1A-4D65-BB2D-88B1A040467A}
	EndGlobalSection
	GlobalSection(ExtensibilityGlobals) = postSolution
		SolutionGuid = {B543B321-CD20-4B61-A5EF-265A029D186F}
	EndGlobalSection
EndGlobal
