
Microsoft Visual Studio Solution File, Format Version 12.00
# Visual Studio Version 17
VisualStudioVersion = 17.11.35219.272
MinimumVisualStudioVersion = 10.0.40219.1
Project("{9A19103F-16F7-4668-BE54-9A1E7A4F7556}") = "OgmentoAPI", "TokenDemo.Web\OgmentoAPI.csproj", "{FC6EC953-C6A9-4569-A092-55C868B6532A}"
EndProject
Global
	GlobalSection(SolutionConfigurationPlatforms) = preSolution
		Debug|Any CPU = Debug|Any CPU
		Release|Any CPU = Release|Any CPU
	EndGlobalSection
	GlobalSection(ProjectConfigurationPlatforms) = postSolution
		{FC6EC953-C6A9-4569-A092-55C868B6532A}.Debug|Any CPU.ActiveCfg = Debug|Any CPU
		{FC6EC953-C6A9-4569-A092-55C868B6532A}.Debug|Any CPU.Build.0 = Debug|Any CPU
		{FC6EC953-C6A9-4569-A092-55C868B6532A}.Release|Any CPU.ActiveCfg = Release|Any CPU
		{FC6EC953-C6A9-4569-A092-55C868B6532A}.Release|Any CPU.Build.0 = Release|Any CPU
	EndGlobalSection
	GlobalSection(SolutionProperties) = preSolution
		HideSolutionNode = FALSE
	EndGlobalSection
	GlobalSection(ExtensibilityGlobals) = postSolution
		SolutionGuid = {B543B321-CD20-4B61-A5EF-265A029D186F}
	EndGlobalSection
EndGlobal
